// !$*UTF8*$!
{
	archiveVersion = 1;
	classes = {
	};
	objectVersion = 50;
	objects = {

/* Begin PBXBuildFile section */
		3CD7A958BA9AEBF22A8BA5A6 /* Pods_YYxFireBaseProvingGround.framework in Frameworks */ = {isa = PBXBuildFile; fileRef = 5EDAEC6D9778C0FA8F93D67B /* Pods_YYxFireBaseProvingGround.framework */; };
		475F978D265D225700FAE3AD /* AppDelegate.swift in Sources */ = {isa = PBXBuildFile; fileRef = 475F978C265D225700FAE3AD /* AppDelegate.swift */; };
		475F978F265D225700FAE3AD /* SceneDelegate.swift in Sources */ = {isa = PBXBuildFile; fileRef = 475F978E265D225700FAE3AD /* SceneDelegate.swift */; };
		475F9791265D225700FAE3AD /* ViewController.swift in Sources */ = {isa = PBXBuildFile; fileRef = 475F9790265D225700FAE3AD /* ViewController.swift */; };
		475F9794265D225700FAE3AD /* Main.storyboard in Resources */ = {isa = PBXBuildFile; fileRef = 475F9792265D225700FAE3AD /* Main.storyboard */; };
		475F9797265D225700FAE3AD /* YYxFireBaseProvingGround.xcdatamodeld in Sources */ = {isa = PBXBuildFile; fileRef = 475F9795265D225700FAE3AD /* YYxFireBaseProvingGround.xcdatamodeld */; };
		475F9799265D225A00FAE3AD /* Assets.xcassets in Resources */ = {isa = PBXBuildFile; fileRef = 475F9798265D225A00FAE3AD /* Assets.xcassets */; };
		475F979C265D225A00FAE3AD /* LaunchScreen.storyboard in Resources */ = {isa = PBXBuildFile; fileRef = 475F979A265D225A00FAE3AD /* LaunchScreen.storyboard */; };
		475F97A7265D225A00FAE3AD /* YYxFireBaseProvingGroundTests.swift in Sources */ = {isa = PBXBuildFile; fileRef = 475F97A6265D225A00FAE3AD /* YYxFireBaseProvingGroundTests.swift */; };
		475F97B2265D225B00FAE3AD /* YYxFireBaseProvingGroundUITests.swift in Sources */ = {isa = PBXBuildFile; fileRef = 475F97B1265D225B00FAE3AD /* YYxFireBaseProvingGroundUITests.swift */; };
		58A78213F9B209A6C33F326F /* Pods_YYxFireBaseProvingGroundTests.framework in Frameworks */ = {isa = PBXBuildFile; fileRef = 7FF48F057C916F21946474BC /* Pods_YYxFireBaseProvingGroundTests.framework */; };
		5A74C71076E9535128EBF2A4 /* Pods_YYxFireBaseProvingGround_YYxFireBaseProvingGroundUITests.framework in Frameworks */ = {isa = PBXBuildFile; fileRef = 8E0AE1CBEE76D0E0F09832EE /* Pods_YYxFireBaseProvingGround_YYxFireBaseProvingGroundUITests.framework */; };
/* End PBXBuildFile section */

/* Begin PBXContainerItemProxy section */
		475F97A3265D225A00FAE3AD /* PBXContainerItemProxy */ = {
			isa = PBXContainerItemProxy;
			containerPortal = 475F9781265D225700FAE3AD /* Project object */;
			proxyType = 1;
			remoteGlobalIDString = 475F9788265D225700FAE3AD;
			remoteInfo = YYxFireBaseProvingGround;
		};
		475F97AE265D225B00FAE3AD /* PBXContainerItemProxy */ = {
			isa = PBXContainerItemProxy;
			containerPortal = 475F9781265D225700FAE3AD /* Project object */;
			proxyType = 1;
			remoteGlobalIDString = 475F9788265D225700FAE3AD;
			remoteInfo = YYxFireBaseProvingGround;
		};
/* End PBXContainerItemProxy section */

/* Begin PBXFileReference section */
		0B928E03F4B9959E5836C8AE /* Pods-YYxFireBaseProvingGroundTests.debug.xcconfig */ = {isa = PBXFileReference; includeInIndex = 1; lastKnownFileType = text.xcconfig; name = "Pods-YYxFireBaseProvingGroundTests.debug.xcconfig"; path = "Target Support Files/Pods-YYxFireBaseProvingGroundTests/Pods-YYxFireBaseProvingGroundTests.debug.xcconfig"; sourceTree = "<group>"; };
		3062B84DD2A4E2010174CD8A /* Pods-YYxFireBaseProvingGround-YYxFireBaseProvingGroundUITests.debug.xcconfig */ = {isa = PBXFileReference; includeInIndex = 1; lastKnownFileType = text.xcconfig; name = "Pods-YYxFireBaseProvingGround-YYxFireBaseProvingGroundUITests.debug.xcconfig"; path = "Target Support Files/Pods-YYxFireBaseProvingGround-YYxFireBaseProvingGroundUITests/Pods-YYxFireBaseProvingGround-YYxFireBaseProvingGroundUITests.debug.xcconfig"; sourceTree = "<group>"; };
		475F9789265D225700FAE3AD /* YYxFireBaseProvingGround.app */ = {isa = PBXFileReference; explicitFileType = wrapper.application; includeInIndex = 0; path = YYxFireBaseProvingGround.app; sourceTree = BUILT_PRODUCTS_DIR; };
		475F978C265D225700FAE3AD /* AppDelegate.swift */ = {isa = PBXFileReference; lastKnownFileType = sourcecode.swift; path = AppDelegate.swift; sourceTree = "<group>"; };
		475F978E265D225700FAE3AD /* SceneDelegate.swift */ = {isa = PBXFileReference; lastKnownFileType = sourcecode.swift; path = SceneDelegate.swift; sourceTree = "<group>"; };
		475F9790265D225700FAE3AD /* ViewController.swift */ = {isa = PBXFileReference; lastKnownFileType = sourcecode.swift; path = ViewController.swift; sourceTree = "<group>"; };
		475F9793265D225700FAE3AD /* Base */ = {isa = PBXFileReference; lastKnownFileType = file.storyboard; name = Base; path = Base.lproj/Main.storyboard; sourceTree = "<group>"; };
		475F9796265D225700FAE3AD /* YYxFireBaseProvingGround.xcdatamodel */ = {isa = PBXFileReference; lastKnownFileType = wrapper.xcdatamodel; path = YYxFireBaseProvingGround.xcdatamodel; sourceTree = "<group>"; };
		475F9798265D225A00FAE3AD /* Assets.xcassets */ = {isa = PBXFileReference; lastKnownFileType = folder.assetcatalog; path = Assets.xcassets; sourceTree = "<group>"; };
		475F979B265D225A00FAE3AD /* Base */ = {isa = PBXFileReference; lastKnownFileType = file.storyboard; name = Base; path = Base.lproj/LaunchScreen.storyboard; sourceTree = "<group>"; };
		475F979D265D225A00FAE3AD /* Info.plist */ = {isa = PBXFileReference; lastKnownFileType = text.plist.xml; path = Info.plist; sourceTree = "<group>"; };
		475F97A2265D225A00FAE3AD /* YYxFireBaseProvingGroundTests.xctest */ = {isa = PBXFileReference; explicitFileType = wrapper.cfbundle; includeInIndex = 0; path = YYxFireBaseProvingGroundTests.xctest; sourceTree = BUILT_PRODUCTS_DIR; };
		475F97A6265D225A00FAE3AD /* YYxFireBaseProvingGroundTests.swift */ = {isa = PBXFileReference; lastKnownFileType = sourcecode.swift; path = YYxFireBaseProvingGroundTests.swift; sourceTree = "<group>"; };
		475F97A8265D225A00FAE3AD /* Info.plist */ = {isa = PBXFileReference; lastKnownFileType = text.plist.xml; path = Info.plist; sourceTree = "<group>"; };
		475F97AD265D225A00FAE3AD /* YYxFireBaseProvingGroundUITests.xctest */ = {isa = PBXFileReference; explicitFileType = wrapper.cfbundle; includeInIndex = 0; path = YYxFireBaseProvingGroundUITests.xctest; sourceTree = BUILT_PRODUCTS_DIR; };
		475F97B1265D225B00FAE3AD /* YYxFireBaseProvingGroundUITests.swift */ = {isa = PBXFileReference; lastKnownFileType = sourcecode.swift; path = YYxFireBaseProvingGroundUITests.swift; sourceTree = "<group>"; };
		475F97B3265D225B00FAE3AD /* Info.plist */ = {isa = PBXFileReference; lastKnownFileType = text.plist.xml; path = Info.plist; sourceTree = "<group>"; };
		5EDAEC6D9778C0FA8F93D67B /* Pods_YYxFireBaseProvingGround.framework */ = {isa = PBXFileReference; explicitFileType = wrapper.framework; includeInIndex = 0; path = Pods_YYxFireBaseProvingGround.framework; sourceTree = BUILT_PRODUCTS_DIR; };
		7FF48F057C916F21946474BC /* Pods_YYxFireBaseProvingGroundTests.framework */ = {isa = PBXFileReference; explicitFileType = wrapper.framework; includeInIndex = 0; path = Pods_YYxFireBaseProvingGroundTests.framework; sourceTree = BUILT_PRODUCTS_DIR; };
		8E0AE1CBEE76D0E0F09832EE /* Pods_YYxFireBaseProvingGround_YYxFireBaseProvingGroundUITests.framework */ = {isa = PBXFileReference; explicitFileType = wrapper.framework; includeInIndex = 0; path = Pods_YYxFireBaseProvingGround_YYxFireBaseProvingGroundUITests.framework; sourceTree = BUILT_PRODUCTS_DIR; };
		9D895A9C4DE373FF90005DE0 /* Pods-YYxFireBaseProvingGround-YYxFireBaseProvingGroundUITests.release.xcconfig */ = {isa = PBXFileReference; includeInIndex = 1; lastKnownFileType = text.xcconfig; name = "Pods-YYxFireBaseProvingGround-YYxFireBaseProvingGroundUITests.release.xcconfig"; path = "Target Support Files/Pods-YYxFireBaseProvingGround-YYxFireBaseProvingGroundUITests/Pods-YYxFireBaseProvingGround-YYxFireBaseProvingGroundUITests.release.xcconfig"; sourceTree = "<group>"; };
		B6CD98E9927F173707723640 /* Pods-YYxFireBaseProvingGround.release.xcconfig */ = {isa = PBXFileReference; includeInIndex = 1; lastKnownFileType = text.xcconfig; name = "Pods-YYxFireBaseProvingGround.release.xcconfig"; path = "Target Support Files/Pods-YYxFireBaseProvingGround/Pods-YYxFireBaseProvingGround.release.xcconfig"; sourceTree = "<group>"; };
		BFA0740E02F16FC08E88635C /* Pods-YYxFireBaseProvingGroundTests.release.xcconfig */ = {isa = PBXFileReference; includeInIndex = 1; lastKnownFileType = text.xcconfig; name = "Pods-YYxFireBaseProvingGroundTests.release.xcconfig"; path = "Target Support Files/Pods-YYxFireBaseProvingGroundTests/Pods-YYxFireBaseProvingGroundTests.release.xcconfig"; sourceTree = "<group>"; };
		CD9972FA9A75ED19AD87EA9A /* Pods-YYxFireBaseProvingGround.debug.xcconfig */ = {isa = PBXFileReference; includeInIndex = 1; lastKnownFileType = text.xcconfig; name = "Pods-YYxFireBaseProvingGround.debug.xcconfig"; path = "Target Support Files/Pods-YYxFireBaseProvingGround/Pods-YYxFireBaseProvingGround.debug.xcconfig"; sourceTree = "<group>"; };
/* End PBXFileReference section */

/* Begin PBXFrameworksBuildPhase section */
		475F9786265D225700FAE3AD /* Frameworks */ = {
			isa = PBXFrameworksBuildPhase;
			buildActionMask = 2147483647;
			files = (
				3CD7A958BA9AEBF22A8BA5A6 /* Pods_YYxFireBaseProvingGround.framework in Frameworks */,
			);
			runOnlyForDeploymentPostprocessing = 0;
		};
		475F979F265D225A00FAE3AD /* Frameworks */ = {
			isa = PBXFrameworksBuildPhase;
			buildActionMask = 2147483647;
			files = (
				58A78213F9B209A6C33F326F /* Pods_YYxFireBaseProvingGroundTests.framework in Frameworks */,
			);
			runOnlyForDeploymentPostprocessing = 0;
		};
		475F97AA265D225A00FAE3AD /* Frameworks */ = {
			isa = PBXFrameworksBuildPhase;
			buildActionMask = 2147483647;
			files = (
				5A74C71076E9535128EBF2A4 /* Pods_YYxFireBaseProvingGround_YYxFireBaseProvingGroundUITests.framework in Frameworks */,
			);
			runOnlyForDeploymentPostprocessing = 0;
		};
/* End PBXFrameworksBuildPhase section */

/* Begin PBXGroup section */
		1884DE819DE47955DE4153F5 /* Frameworks */ = {
			isa = PBXGroup;
			children = (
				5EDAEC6D9778C0FA8F93D67B /* Pods_YYxFireBaseProvingGround.framework */,
				8E0AE1CBEE76D0E0F09832EE /* Pods_YYxFireBaseProvingGround_YYxFireBaseProvingGroundUITests.framework */,
				7FF48F057C916F21946474BC /* Pods_YYxFireBaseProvingGroundTests.framework */,
			);
			name = Frameworks;
			sourceTree = "<group>";
		};
		475F9780265D225700FAE3AD = {
			isa = PBXGroup;
			children = (
				475F978B265D225700FAE3AD /* YYxFireBaseProvingGround */,
				475F97A5265D225A00FAE3AD /* YYxFireBaseProvingGroundTests */,
				475F97B0265D225B00FAE3AD /* YYxFireBaseProvingGroundUITests */,
				475F978A265D225700FAE3AD /* Products */,
				7413F52E91496377A6A1ADF7 /* Pods */,
				1884DE819DE47955DE4153F5 /* Frameworks */,
			);
			sourceTree = "<group>";
		};
		475F978A265D225700FAE3AD /* Products */ = {
			isa = PBXGroup;
			children = (
				475F9789265D225700FAE3AD /* YYxFireBaseProvingGround.app */,
				475F97A2265D225A00FAE3AD /* YYxFireBaseProvingGroundTests.xctest */,
				475F97AD265D225A00FAE3AD /* YYxFireBaseProvingGroundUITests.xctest */,
			);
			name = Products;
			sourceTree = "<group>";
		};
		475F978B265D225700FAE3AD /* YYxFireBaseProvingGround */ = {
			isa = PBXGroup;
			children = (
				475F978C265D225700FAE3AD /* AppDelegate.swift */,
				475F978E265D225700FAE3AD /* SceneDelegate.swift */,
				475F9790265D225700FAE3AD /* ViewController.swift */,
				475F9792265D225700FAE3AD /* Main.storyboard */,
				475F9798265D225A00FAE3AD /* Assets.xcassets */,
				475F979A265D225A00FAE3AD /* LaunchScreen.storyboard */,
				475F979D265D225A00FAE3AD /* Info.plist */,
				475F9795265D225700FAE3AD /* YYxFireBaseProvingGround.xcdatamodeld */,
			);
			path = YYxFireBaseProvingGround;
			sourceTree = "<group>";
		};
		475F97A5265D225A00FAE3AD /* YYxFireBaseProvingGroundTests */ = {
			isa = PBXGroup;
			children = (
				475F97A6265D225A00FAE3AD /* YYxFireBaseProvingGroundTests.swift */,
				475F97A8265D225A00FAE3AD /* Info.plist */,
			);
			path = YYxFireBaseProvingGroundTests;
			sourceTree = "<group>";
		};
		475F97B0265D225B00FAE3AD /* YYxFireBaseProvingGroundUITests */ = {
			isa = PBXGroup;
			children = (
				475F97B1265D225B00FAE3AD /* YYxFireBaseProvingGroundUITests.swift */,
				475F97B3265D225B00FAE3AD /* Info.plist */,
			);
			path = YYxFireBaseProvingGroundUITests;
			sourceTree = "<group>";
		};
		7413F52E91496377A6A1ADF7 /* Pods */ = {
			isa = PBXGroup;
			children = (
				CD9972FA9A75ED19AD87EA9A /* Pods-YYxFireBaseProvingGround.debug.xcconfig */,
				B6CD98E9927F173707723640 /* Pods-YYxFireBaseProvingGround.release.xcconfig */,
				3062B84DD2A4E2010174CD8A /* Pods-YYxFireBaseProvingGround-YYxFireBaseProvingGroundUITests.debug.xcconfig */,
				9D895A9C4DE373FF90005DE0 /* Pods-YYxFireBaseProvingGround-YYxFireBaseProvingGroundUITests.release.xcconfig */,
				0B928E03F4B9959E5836C8AE /* Pods-YYxFireBaseProvingGroundTests.debug.xcconfig */,
				BFA0740E02F16FC08E88635C /* Pods-YYxFireBaseProvingGroundTests.release.xcconfig */,
			);
			name = Pods;
			path = Pods;
			sourceTree = "<group>";
		};
/* End PBXGroup section */

/* Begin PBXNativeTarget section */
		475F9788265D225700FAE3AD /* YYxFireBaseProvingGround */ = {
			isa = PBXNativeTarget;
			buildConfigurationList = 475F97B6265D225B00FAE3AD /* Build configuration list for PBXNativeTarget "YYxFireBaseProvingGround" */;
			buildPhases = (
				B4735BC452613AA14785BF6D /* [CP] Check Pods Manifest.lock */,
				475F9785265D225700FAE3AD /* Sources */,
				475F9786265D225700FAE3AD /* Frameworks */,
				475F9787265D225700FAE3AD /* Resources */,
				B461E998D7073FE631A51A4B /* [CP] Embed Pods Frameworks */,
			);
			buildRules = (
			);
			dependencies = (
			);
			name = YYxFireBaseProvingGround;
			productName = YYxFireBaseProvingGround;
			productReference = 475F9789265D225700FAE3AD /* YYxFireBaseProvingGround.app */;
			productType = "com.apple.product-type.application";
		};
		475F97A1265D225A00FAE3AD /* YYxFireBaseProvingGroundTests */ = {
			isa = PBXNativeTarget;
			buildConfigurationList = 475F97B9265D225B00FAE3AD /* Build configuration list for PBXNativeTarget "YYxFireBaseProvingGroundTests" */;
			buildPhases = (
				CEBACBB0CDF151BB6DCDBB01 /* [CP] Check Pods Manifest.lock */,
				475F979E265D225A00FAE3AD /* Sources */,
				475F979F265D225A00FAE3AD /* Frameworks */,
				475F97A0265D225A00FAE3AD /* Resources */,
			);
			buildRules = (
			);
			dependencies = (
				475F97A4265D225A00FAE3AD /* PBXTargetDependency */,
			);
			name = YYxFireBaseProvingGroundTests;
			productName = YYxFireBaseProvingGroundTests;
			productReference = 475F97A2265D225A00FAE3AD /* YYxFireBaseProvingGroundTests.xctest */;
			productType = "com.apple.product-type.bundle.unit-test";
		};
		475F97AC265D225A00FAE3AD /* YYxFireBaseProvingGroundUITests */ = {
			isa = PBXNativeTarget;
			buildConfigurationList = 475F97BC265D225B00FAE3AD /* Build configuration list for PBXNativeTarget "YYxFireBaseProvingGroundUITests" */;
			buildPhases = (
				1E57D08C6F512BC357353BA6 /* [CP] Check Pods Manifest.lock */,
				475F97A9265D225A00FAE3AD /* Sources */,
				475F97AA265D225A00FAE3AD /* Frameworks */,
				475F97AB265D225A00FAE3AD /* Resources */,
				23628B491C084B34D19A0C6C /* [CP] Embed Pods Frameworks */,
			);
			buildRules = (
			);
			dependencies = (
				475F97AF265D225B00FAE3AD /* PBXTargetDependency */,
			);
			name = YYxFireBaseProvingGroundUITests;
			productName = YYxFireBaseProvingGroundUITests;
			productReference = 475F97AD265D225A00FAE3AD /* YYxFireBaseProvingGroundUITests.xctest */;
			productType = "com.apple.product-type.bundle.ui-testing";
		};
/* End PBXNativeTarget section */

/* Begin PBXProject section */
		475F9781265D225700FAE3AD /* Project object */ = {
			isa = PBXProject;
			attributes = {
				LastSwiftUpdateCheck = 1230;
				LastUpgradeCheck = 1230;
				TargetAttributes = {
					475F9788265D225700FAE3AD = {
						CreatedOnToolsVersion = 12.3;
					};
					475F97A1265D225A00FAE3AD = {
						CreatedOnToolsVersion = 12.3;
						TestTargetID = 475F9788265D225700FAE3AD;
					};
					475F97AC265D225A00FAE3AD = {
						CreatedOnToolsVersion = 12.3;
						TestTargetID = 475F9788265D225700FAE3AD;
					};
				};
			};
			buildConfigurationList = 475F9784265D225700FAE3AD /* Build configuration list for PBXProject "YYxFireBaseProvingGround" */;
			compatibilityVersion = "Xcode 9.3";
			developmentRegion = en;
			hasScannedForEncodings = 0;
			knownRegions = (
				en,
				Base,
			);
			mainGroup = 475F9780265D225700FAE3AD;
			productRefGroup = 475F978A265D225700FAE3AD /* Products */;
			projectDirPath = "";
			projectRoot = "";
			targets = (
				475F9788265D225700FAE3AD /* YYxFireBaseProvingGround */,
				475F97A1265D225A00FAE3AD /* YYxFireBaseProvingGroundTests */,
				475F97AC265D225A00FAE3AD /* YYxFireBaseProvingGroundUITests */,
			);
		};
/* End PBXProject section */

/* Begin PBXResourcesBuildPhase section */
		475F9787265D225700FAE3AD /* Resources */ = {
			isa = PBXResourcesBuildPhase;
			buildActionMask = 2147483647;
			files = (
				475F979C265D225A00FAE3AD /* LaunchScreen.storyboard in Resources */,
				475F9799265D225A00FAE3AD /* Assets.xcassets in Resources */,
				475F9794265D225700FAE3AD /* Main.storyboard in Resources */,
			);
			runOnlyForDeploymentPostprocessing = 0;
		};
		475F97A0265D225A00FAE3AD /* Resources */ = {
			isa = PBXResourcesBuildPhase;
			buildActionMask = 2147483647;
			files = (
			);
			runOnlyForDeploymentPostprocessing = 0;
		};
		475F97AB265D225A00FAE3AD /* Resources */ = {
			isa = PBXResourcesBuildPhase;
			buildActionMask = 2147483647;
			files = (
			);
			runOnlyForDeploymentPostprocessing = 0;
		};
/* End PBXResourcesBuildPhase section */

/* Begin PBXShellScriptBuildPhase section */
		1E57D08C6F512BC357353BA6 /* [CP] Check Pods Manifest.lock */ = {
			isa = PBXShellScriptBuildPhase;
			buildActionMask = 2147483647;
			files = (
			);
			inputFileListPaths = (
			);
			inputPaths = (
				"${PODS_PODFILE_DIR_PATH}/Podfile.lock",
				"${PODS_ROOT}/Manifest.lock",
			);
			name = "[CP] Check Pods Manifest.lock";
			outputFileListPaths = (
			);
			outputPaths = (
				"$(DERIVED_FILE_DIR)/Pods-YYxFireBaseProvingGround-YYxFireBaseProvingGroundUITests-checkManifestLockResult.txt",
			);
			runOnlyForDeploymentPostprocessing = 0;
			shellPath = /bin/sh;
			shellScript = "diff \"${PODS_PODFILE_DIR_PATH}/Podfile.lock\" \"${PODS_ROOT}/Manifest.lock\" > /dev/null\nif [ $? != 0 ] ; then\n    # print error to STDERR\n    echo \"error: The sandbox is not in sync with the Podfile.lock. Run 'pod install' or update your CocoaPods installation.\" >&2\n    exit 1\nfi\n# This output is used by Xcode 'outputs' to avoid re-running this script phase.\necho \"SUCCESS\" > \"${SCRIPT_OUTPUT_FILE_0}\"\n";
			showEnvVarsInLog = 0;
		};
		23628B491C084B34D19A0C6C /* [CP] Embed Pods Frameworks */ = {
			isa = PBXShellScriptBuildPhase;
			buildActionMask = 2147483647;
			files = (
			);
			inputFileListPaths = (
				"${PODS_ROOT}/Target Support Files/Pods-YYxFireBaseProvingGround-YYxFireBaseProvingGroundUITests/Pods-YYxFireBaseProvingGround-YYxFireBaseProvingGroundUITests-frameworks-${CONFIGURATION}-input-files.xcfilelist",
			);
			name = "[CP] Embed Pods Frameworks";
			outputFileListPaths = (
				"${PODS_ROOT}/Target Support Files/Pods-YYxFireBaseProvingGround-YYxFireBaseProvingGroundUITests/Pods-YYxFireBaseProvingGround-YYxFireBaseProvingGroundUITests-frameworks-${CONFIGURATION}-output-files.xcfilelist",
			);
			runOnlyForDeploymentPostprocessing = 0;
			shellPath = /bin/sh;
			shellScript = "\"${PODS_ROOT}/Target Support Files/Pods-YYxFireBaseProvingGround-YYxFireBaseProvingGroundUITests/Pods-YYxFireBaseProvingGround-YYxFireBaseProvingGroundUITests-frameworks.sh\"\n";
			showEnvVarsInLog = 0;
		};
		B461E998D7073FE631A51A4B /* [CP] Embed Pods Frameworks */ = {
			isa = PBXShellScriptBuildPhase;
			buildActionMask = 2147483647;
			files = (
			);
			inputFileListPaths = (
				"${PODS_ROOT}/Target Support Files/Pods-YYxFireBaseProvingGround/Pods-YYxFireBaseProvingGround-frameworks-${CONFIGURATION}-input-files.xcfilelist",
			);
			name = "[CP] Embed Pods Frameworks";
			outputFileListPaths = (
				"${PODS_ROOT}/Target Support Files/Pods-YYxFireBaseProvingGround/Pods-YYxFireBaseProvingGround-frameworks-${CONFIGURATION}-output-files.xcfilelist",
			);
			runOnlyForDeploymentPostprocessing = 0;
			shellPath = /bin/sh;
			shellScript = "\"${PODS_ROOT}/Target Support Files/Pods-YYxFireBaseProvingGround/Pods-YYxFireBaseProvingGround-frameworks.sh\"\n";
			showEnvVarsInLog = 0;
		};
		B4735BC452613AA14785BF6D /* [CP] Check Pods Manifest.lock */ = {
			isa = PBXShellScriptBuildPhase;
			buildActionMask = 2147483647;
			files = (
			);
			inputFileListPaths = (
			);
			inputPaths = (
				"${PODS_PODFILE_DIR_PATH}/Podfile.lock",
				"${PODS_ROOT}/Manifest.lock",
			);
			name = "[CP] Check Pods Manifest.lock";
			outputFileListPaths = (
			);
			outputPaths = (
				"$(DERIVED_FILE_DIR)/Pods-YYxFireBaseProvingGround-checkManifestLockResult.txt",
			);
			runOnlyForDeploymentPostprocessing = 0;
			shellPath = /bin/sh;
			shellScript = "diff \"${PODS_PODFILE_DIR_PATH}/Podfile.lock\" \"${PODS_ROOT}/Manifest.lock\" > /dev/null\nif [ $? != 0 ] ; then\n    # print error to STDERR\n    echo \"error: The sandbox is not in sync with the Podfile.lock. Run 'pod install' or update your CocoaPods installation.\" >&2\n    exit 1\nfi\n# This output is used by Xcode 'outputs' to avoid re-running this script phase.\necho \"SUCCESS\" > \"${SCRIPT_OUTPUT_FILE_0}\"\n";
			showEnvVarsInLog = 0;
		};
		CEBACBB0CDF151BB6DCDBB01 /* [CP] Check Pods Manifest.lock */ = {
			isa = PBXShellScriptBuildPhase;
			buildActionMask = 2147483647;
			files = (
			);
			inputFileListPaths = (
			);
			inputPaths = (
				"${PODS_PODFILE_DIR_PATH}/Podfile.lock",
				"${PODS_ROOT}/Manifest.lock",
			);
			name = "[CP] Check Pods Manifest.lock";
			outputFileListPaths = (
			);
			outputPaths = (
				"$(DERIVED_FILE_DIR)/Pods-YYxFireBaseProvingGroundTests-checkManifestLockResult.txt",
			);
			runOnlyForDeploymentPostprocessing = 0;
			shellPath = /bin/sh;
			shellScript = "diff \"${PODS_PODFILE_DIR_PATH}/Podfile.lock\" \"${PODS_ROOT}/Manifest.lock\" > /dev/null\nif [ $? != 0 ] ; then\n    # print error to STDERR\n    echo \"error: The sandbox is not in sync with the Podfile.lock. Run 'pod install' or update your CocoaPods installation.\" >&2\n    exit 1\nfi\n# This output is used by Xcode 'outputs' to avoid re-running this script phase.\necho \"SUCCESS\" > \"${SCRIPT_OUTPUT_FILE_0}\"\n";
			showEnvVarsInLog = 0;
		};
/* End PBXShellScriptBuildPhase section */

/* Begin PBXSourcesBuildPhase section */
		475F9785265D225700FAE3AD /* Sources */ = {
			isa = PBXSourcesBuildPhase;
			buildActionMask = 2147483647;
			files = (
				475F9797265D225700FAE3AD /* YYxFireBaseProvingGround.xcdatamodeld in Sources */,
				475F9791265D225700FAE3AD /* ViewController.swift in Sources */,
				475F978D265D225700FAE3AD /* AppDelegate.swift in Sources */,
				475F978F265D225700FAE3AD /* SceneDelegate.swift in Sources */,
			);
			runOnlyForDeploymentPostprocessing = 0;
		};
		475F979E265D225A00FAE3AD /* Sources */ = {
			isa = PBXSourcesBuildPhase;
			buildActionMask = 2147483647;
			files = (
				475F97A7265D225A00FAE3AD /* YYxFireBaseProvingGroundTests.swift in Sources */,
			);
			runOnlyForDeploymentPostprocessing = 0;
		};
		475F97A9265D225A00FAE3AD /* Sources */ = {
			isa = PBXSourcesBuildPhase;
			buildActionMask = 2147483647;
			files = (
				475F97B2265D225B00FAE3AD /* YYxFireBaseProvingGroundUITests.swift in Sources */,
			);
			runOnlyForDeploymentPostprocessing = 0;
		};
/* End PBXSourcesBuildPhase section */

/* Begin PBXTargetDependency section */
		475F97A4265D225A00FAE3AD /* PBXTargetDependency */ = {
			isa = PBXTargetDependency;
			target = 475F9788265D225700FAE3AD /* YYxFireBaseProvingGround */;
			targetProxy = 475F97A3265D225A00FAE3AD /* PBXContainerItemProxy */;
		};
		475F97AF265D225B00FAE3AD /* PBXTargetDependency */ = {
			isa = PBXTargetDependency;
			target = 475F9788265D225700FAE3AD /* YYxFireBaseProvingGround */;
			targetProxy = 475F97AE265D225B00FAE3AD /* PBXContainerItemProxy */;
		};
/* End PBXTargetDependency section */

/* Begin PBXVariantGroup section */
		475F9792265D225700FAE3AD /* Main.storyboard */ = {
			isa = PBXVariantGroup;
			children = (
				475F9793265D225700FAE3AD /* Base */,
			);
			name = Main.storyboard;
			sourceTree = "<group>";
		};
		475F979A265D225A00FAE3AD /* LaunchScreen.storyboard */ = {
			isa = PBXVariantGroup;
			children = (
				475F979B265D225A00FAE3AD /* Base */,
			);
			name = LaunchScreen.storyboard;
			sourceTree = "<group>";
		};
/* End PBXVariantGroup section */

/* Begin XCBuildConfiguration section */
		475F97B4265D225B00FAE3AD /* Debug */ = {
			isa = XCBuildConfiguration;
			buildSettings = {
				ALWAYS_SEARCH_USER_PATHS = NO;
				CLANG_ANALYZER_NONNULL = YES;
				CLANG_ANALYZER_NUMBER_OBJECT_CONVERSION = YES_AGGRESSIVE;
				CLANG_CXX_LANGUAGE_STANDARD = "gnu++14";
				CLANG_CXX_LIBRARY = "libc++";
				CLANG_ENABLE_MODULES = YES;
				CLANG_ENABLE_OBJC_ARC = YES;
				CLANG_ENABLE_OBJC_WEAK = YES;
				CLANG_WARN_BLOCK_CAPTURE_AUTORELEASING = YES;
				CLANG_WARN_BOOL_CONVERSION = YES;
				CLANG_WARN_COMMA = YES;
				CLANG_WARN_CONSTANT_CONVERSION = YES;
				CLANG_WARN_DEPRECATED_OBJC_IMPLEMENTATIONS = YES;
				CLANG_WARN_DIRECT_OBJC_ISA_USAGE = YES_ERROR;
				CLANG_WARN_DOCUMENTATION_COMMENTS = YES;
				CLANG_WARN_EMPTY_BODY = YES;
				CLANG_WARN_ENUM_CONVERSION = YES;
				CLANG_WARN_INFINITE_RECURSION = YES;
				CLANG_WARN_INT_CONVERSION = YES;
				CLANG_WARN_NON_LITERAL_NULL_CONVERSION = YES;
				CLANG_WARN_OBJC_IMPLICIT_RETAIN_SELF = YES;
				CLANG_WARN_OBJC_LITERAL_CONVERSION = YES;
				CLANG_WARN_OBJC_ROOT_CLASS = YES_ERROR;
				CLANG_WARN_QUOTED_INCLUDE_IN_FRAMEWORK_HEADER = YES;
				CLANG_WARN_RANGE_LOOP_ANALYSIS = YES;
				CLANG_WARN_STRICT_PROTOTYPES = YES;
				CLANG_WARN_SUSPICIOUS_MOVE = YES;
				CLANG_WARN_UNGUARDED_AVAILABILITY = YES_AGGRESSIVE;
				CLANG_WARN_UNREACHABLE_CODE = YES;
				CLANG_WARN__DUPLICATE_METHOD_MATCH = YES;
				COPY_PHASE_STRIP = NO;
				DEBUG_INFORMATION_FORMAT = dwarf;
				ENABLE_STRICT_OBJC_MSGSEND = YES;
				ENABLE_TESTABILITY = YES;
				GCC_C_LANGUAGE_STANDARD = gnu11;
				GCC_DYNAMIC_NO_PIC = NO;
				GCC_NO_COMMON_BLOCKS = YES;
				GCC_OPTIMIZATION_LEVEL = 0;
				GCC_PREPROCESSOR_DEFINITIONS = (
					"DEBUG=1",
					"$(inherited)",
				);
				GCC_WARN_64_TO_32_BIT_CONVERSION = YES;
				GCC_WARN_ABOUT_RETURN_TYPE = YES_ERROR;
				GCC_WARN_UNDECLARED_SELECTOR = YES;
				GCC_WARN_UNINITIALIZED_AUTOS = YES_AGGRESSIVE;
				GCC_WARN_UNUSED_FUNCTION = YES;
				GCC_WARN_UNUSED_VARIABLE = YES;
				IPHONEOS_DEPLOYMENT_TARGET = 14.3;
				MTL_ENABLE_DEBUG_INFO = INCLUDE_SOURCE;
				MTL_FAST_MATH = YES;
				ONLY_ACTIVE_ARCH = YES;
				SDKROOT = iphoneos;
				SWIFT_ACTIVE_COMPILATION_CONDITIONS = DEBUG;
				SWIFT_OPTIMIZATION_LEVEL = "-Onone";
			};
			name = Debug;
		};
		475F97B5265D225B00FAE3AD /* Release */ = {
			isa = XCBuildConfiguration;
			buildSettings = {
				ALWAYS_SEARCH_USER_PATHS = NO;
				CLANG_ANALYZER_NONNULL = YES;
				CLANG_ANALYZER_NUMBER_OBJECT_CONVERSION = YES_AGGRESSIVE;
				CLANG_CXX_LANGUAGE_STANDARD = "gnu++14";
				CLANG_CXX_LIBRARY = "libc++";
				CLANG_ENABLE_MODULES = YES;
				CLANG_ENABLE_OBJC_ARC = YES;
				CLANG_ENABLE_OBJC_WEAK = YES;
				CLANG_WARN_BLOCK_CAPTURE_AUTORELEASING = YES;
				CLANG_WARN_BOOL_CONVERSION = YES;
				CLANG_WARN_COMMA = YES;
				CLANG_WARN_CONSTANT_CONVERSION = YES;
				CLANG_WARN_DEPRECATED_OBJC_IMPLEMENTATIONS = YES;
				CLANG_WARN_DIRECT_OBJC_ISA_USAGE = YES_ERROR;
				CLANG_WARN_DOCUMENTATION_COMMENTS = YES;
				CLANG_WARN_EMPTY_BODY = YES;
				CLANG_WARN_ENUM_CONVERSION = YES;
				CLANG_WARN_INFINITE_RECURSION = YES;
				CLANG_WARN_INT_CONVERSION = YES;
				CLANG_WARN_NON_LITERAL_NULL_CONVERSION = YES;
				CLANG_WARN_OBJC_IMPLICIT_RETAIN_SELF = YES;
				CLANG_WARN_OBJC_LITERAL_CONVERSION = YES;
				CLANG_WARN_OBJC_ROOT_CLASS = YES_ERROR;
				CLANG_WARN_QUOTED_INCLUDE_IN_FRAMEWORK_HEADER = YES;
				CLANG_WARN_RANGE_LOOP_ANALYSIS = YES;
				CLANG_WARN_STRICT_PROTOTYPES = YES;
				CLANG_WARN_SUSPICIOUS_MOVE = YES;
				CLANG_WARN_UNGUARDED_AVAILABILITY = YES_AGGRESSIVE;
				CLANG_WARN_UNREACHABLE_CODE = YES;
				CLANG_WARN__DUPLICATE_METHOD_MATCH = YES;
				COPY_PHASE_STRIP = NO;
				DEBUG_INFORMATION_FORMAT = "dwarf-with-dsym";
				ENABLE_NS_ASSERTIONS = NO;
				ENABLE_STRICT_OBJC_MSGSEND = YES;
				GCC_C_LANGUAGE_STANDARD = gnu11;
				GCC_NO_COMMON_BLOCKS = YES;
				GCC_WARN_64_TO_32_BIT_CONVERSION = YES;
				GCC_WARN_ABOUT_RETURN_TYPE = YES_ERROR;
				GCC_WARN_UNDECLARED_SELECTOR = YES;
				GCC_WARN_UNINITIALIZED_AUTOS = YES_AGGRESSIVE;
				GCC_WARN_UNUSED_FUNCTION = YES;
				GCC_WARN_UNUSED_VARIABLE = YES;
				IPHONEOS_DEPLOYMENT_TARGET = 14.3;
				MTL_ENABLE_DEBUG_INFO = NO;
				MTL_FAST_MATH = YES;
				SDKROOT = iphoneos;
				SWIFT_COMPILATION_MODE = wholemodule;
				SWIFT_OPTIMIZATION_LEVEL = "-O";
				VALIDATE_PRODUCT = YES;
			};
			name = Release;
		};
		475F97B7265D225B00FAE3AD /* Debug */ = {
			isa = XCBuildConfiguration;
			baseConfigurationReference = CD9972FA9A75ED19AD87EA9A /* Pods-YYxFireBaseProvingGround.debug.xcconfig */;
			buildSettings = {
				ASSETCATALOG_COMPILER_APPICON_NAME = AppIcon;
				ASSETCATALOG_COMPILER_GLOBAL_ACCENT_COLOR_NAME = AccentColor;
				CODE_SIGN_STYLE = Automatic;
				INFOPLIST_FILE = YYxFireBaseProvingGround/Info.plist;
				LD_RUNPATH_SEARCH_PATHS = (
					"$(inherited)",
					"@executable_path/Frameworks",
				);
				PRODUCT_BUNDLE_IDENTIFIER = yyx.com.YYxFireBaseProvingGround;
				PRODUCT_NAME = "$(TARGET_NAME)";
				SWIFT_VERSION = 5.0;
				TARGETED_DEVICE_FAMILY = "1,2";
			};
			name = Debug;
		};
		475F97B8265D225B00FAE3AD /* Release */ = {
			isa = XCBuildConfiguration;
			baseConfigurationReference = B6CD98E9927F173707723640 /* Pods-YYxFireBaseProvingGround.release.xcconfig */;
			buildSettings = {
				ASSETCATALOG_COMPILER_APPICON_NAME = AppIcon;
				ASSETCATALOG_COMPILER_GLOBAL_ACCENT_COLOR_NAME = AccentColor;
				CODE_SIGN_STYLE = Automatic;
				INFOPLIST_FILE = YYxFireBaseProvingGround/Info.plist;
				LD_RUNPATH_SEARCH_PATHS = (
					"$(inherited)",
					"@executable_path/Frameworks",
				);
				PRODUCT_BUNDLE_IDENTIFIER = yyx.com.YYxFireBaseProvingGround;
				PRODUCT_NAME = "$(TARGET_NAME)";
				SWIFT_VERSION = 5.0;
				TARGETED_DEVICE_FAMILY = "1,2";
			};
			name = Release;
		};
		475F97BA265D225B00FAE3AD /* Debug */ = {
			isa = XCBuildConfiguration;
			baseConfigurationReference = 0B928E03F4B9959E5836C8AE /* Pods-YYxFireBaseProvingGroundTests.debug.xcconfig */;
			buildSettings = {
				ALWAYS_EMBED_SWIFT_STANDARD_LIBRARIES = YES;
				BUNDLE_LOADER = "$(TEST_HOST)";
				CODE_SIGN_STYLE = Automatic;
				INFOPLIST_FILE = YYxFireBaseProvingGroundTests/Info.plist;
				IPHONEOS_DEPLOYMENT_TARGET = 14.3;
				LD_RUNPATH_SEARCH_PATHS = (
					"$(inherited)",
					"@executable_path/Frameworks",
					"@loader_path/Frameworks",
				);
				PRODUCT_BUNDLE_IDENTIFIER = yyx.com.YYxFireBaseProvingGroundTests;
				PRODUCT_NAME = "$(TARGET_NAME)";
				SWIFT_VERSION = 5.0;
				TARGETED_DEVICE_FAMILY = "1,2";
				TEST_HOST = "$(BUILT_PRODUCTS_DIR)/YYxFireBaseProvingGround.app/YYxFireBaseProvingGround";
			};
			name = Debug;
		};
		475F97BB265D225B00FAE3AD /* Release */ = {
			isa = XCBuildConfiguration;
			baseConfigurationReference = BFA0740E02F16FC08E88635C /* Pods-YYxFireBaseProvingGroundTests.release.xcconfig */;
			buildSettings = {
				ALWAYS_EMBED_SWIFT_STANDARD_LIBRARIES = YES;
				BUNDLE_LOADER = "$(TEST_HOST)";
				CODE_SIGN_STYLE = Automatic;
				INFOPLIST_FILE = YYxFireBaseProvingGroundTests/Info.plist;
				IPHONEOS_DEPLOYMENT_TARGET = 14.3;
				LD_RUNPATH_SEARCH_PATHS = (
					"$(inherited)",
					"@executable_path/Frameworks",
					"@loader_path/Frameworks",
				);
				PRODUCT_BUNDLE_IDENTIFIER = yyx.com.YYxFireBaseProvingGroundTests;
				PRODUCT_NAME = "$(TARGET_NAME)";
				SWIFT_VERSION = 5.0;
				TARGETED_DEVICE_FAMILY = "1,2";
				TEST_HOST = "$(BUILT_PRODUCTS_DIR)/YYxFireBaseProvingGround.app/YYxFireBaseProvingGround";
			};
			name = Release;
		};
		475F97BD265D225B00FAE3AD /* Debug */ = {
			isa = XCBuildConfiguration;
			baseConfigurationReference = 3062B84DD2A4E2010174CD8A /* Pods-YYxFireBaseProvingGround-YYxFireBaseProvingGroundUITests.debug.xcconfig */;
			buildSettings = {
				ALWAYS_EMBED_SWIFT_STANDARD_LIBRARIES = YES;
				CODE_SIGN_STYLE = Automatic;
				INFOPLIST_FILE = YYxFireBaseProvingGroundUITests/Info.plist;
				LD_RUNPATH_SEARCH_PATHS = (
					"$(inherited)",
					"@executable_path/Frameworks",
					"@loader_path/Frameworks",
				);
				PRODUCT_BUNDLE_IDENTIFIER = yyx.com.YYxFireBaseProvingGroundUITests;
				PRODUCT_NAME = "$(TARGET_NAME)";
				SWIFT_VERSION = 5.0;
				TARGETED_DEVICE_FAMILY = "1,2";
				TEST_TARGET_NAME = YYxFireBaseProvingGround;
			};
			name = Debug;
		};
		475F97BE265D225B00FAE3AD /* Release */ = {
			isa = XCBuildConfiguration;
			baseConfigurationReference = 9D895A9C4DE373FF90005DE0 /* Pods-YYxFireBaseProvingGround-YYxFireBaseProvingGroundUITests.release.xcconfig */;
			buildSettings = {
				ALWAYS_EMBED_SWIFT_STANDARD_LIBRARIES = YES;
				CODE_SIGN_STYLE = Automatic;
				INFOPLIST_FILE = YYxFireBaseProvingGroundUITests/Info.plist;
				LD_RUNPATH_SEARCH_PATHS = (
					"$(inherited)",
					"@executable_path/Frameworks",
					"@loader_path/Frameworks",
				);
				PRODUCT_BUNDLE_IDENTIFIER = yyx.com.YYxFireBaseProvingGroundUITests;
				PRODUCT_NAME = "$(TARGET_NAME)";
				SWIFT_VERSION = 5.0;
				TARGETED_DEVICE_FAMILY = "1,2";
				TEST_TARGET_NAME = YYxFireBaseProvingGround;
			};
			name = Release;
		};
/* End XCBuildConfiguration section */

/* Begin XCConfigurationList section */
		475F9784265D225700FAE3AD /* Build configuration list for PBXProject "YYxFireBaseProvingGround" */ = {
			isa = XCConfigurationList;
			buildConfigurations = (
				475F97B4265D225B00FAE3AD /* Debug */,
				475F97B5265D225B00FAE3AD /* Release */,
			);
			defaultConfigurationIsVisible = 0;
			defaultConfigurationName = Release;
		};
		475F97B6265D225B00FAE3AD /* Build configuration list for PBXNativeTarget "YYxFireBaseProvingGround" */ = {
			isa = XCConfigurationList;
			buildConfigurations = (
				475F97B7265D225B00FAE3AD /* Debug */,
				475F97B8265D225B00FAE3AD /* Release */,
			);
			defaultConfigurationIsVisible = 0;
			defaultConfigurationName = Release;
		};
		475F97B9265D225B00FAE3AD /* Build configuration list for PBXNativeTarget "YYxFireBaseProvingGroundTests" */ = {
			isa = XCConfigurationList;
			buildConfigurations = (
				475F97BA265D225B00FAE3AD /* Debug */,
				475F97BB265D225B00FAE3AD /* Release */,
			);
			defaultConfigurationIsVisible = 0;
			defaultConfigurationName = Release;
		};
		475F97BC265D225B00FAE3AD /* Build configuration list for PBXNativeTarget "YYxFireBaseProvingGroundUITests" */ = {
			isa = XCConfigurationList;
			buildConfigurations = (
				475F97BD265D225B00FAE3AD /* Debug */,
				475F97BE265D225B00FAE3AD /* Release */,
			);
			defaultConfigurationIsVisible = 0;
			defaultConfigurationName = Release;
		};
/* End XCConfigurationList section */

/* Begin XCVersionGroup section */
		475F9795265D225700FAE3AD /* YYxFireBaseProvingGround.xcdatamodeld */ = {
			isa = XCVersionGroup;
			children = (
				475F9796265D225700FAE3AD /* YYxFireBaseProvingGround.xcdatamodel */,
			);
			currentVersion = 475F9796265D225700FAE3AD /* YYxFireBaseProvingGround.xcdatamodel */;
			path = YYxFireBaseProvingGround.xcdatamodeld;
			sourceTree = "<group>";
			versionGroupType = wrapper.xcdatamodel;
		};
/* End XCVersionGroup section */
	};
	rootObject = 475F9781265D225700FAE3AD /* Project object */;
}
